// !$*UTF8*$!
{
	archiveVersion = 1;
	classes = {
	};
	objectVersion = 46;
	objects = {

/* Begin PBXBuildFile section */
		5236A68D1A6999BF0007A232 /* main.m in Sources */ = {isa = PBXBuildFile; fileRef = 5236A68C1A6999BF0007A232 /* main.m */; };
		5236A6901A6999BF0007A232 /* AppDelegate.m in Sources */ = {isa = PBXBuildFile; fileRef = 5236A68F1A6999BF0007A232 /* AppDelegate.m */; };
		5236A6931A6999BF0007A232 /* ViewController.m in Sources */ = {isa = PBXBuildFile; fileRef = 5236A6921A6999BF0007A232 /* ViewController.m */; };
		5236A6961A6999BF0007A232 /* Main.storyboard in Resources */ = {isa = PBXBuildFile; fileRef = 5236A6941A6999BF0007A232 /* Main.storyboard */; };
		5236A6981A6999BF0007A232 /* Images.xcassets in Resources */ = {isa = PBXBuildFile; fileRef = 5236A6971A6999BF0007A232 /* Images.xcassets */; };
		5236A69B1A6999BF0007A232 /* LaunchScreen.xib in Resources */ = {isa = PBXBuildFile; fileRef = 5236A6991A6999BF0007A232 /* LaunchScreen.xib */; };
		5236A6A71A6999BF0007A232 /* MapsTests.m in Sources */ = {isa = PBXBuildFile; fileRef = 5236A6A61A6999BF0007A232 /* MapsTests.m */; };
/* End PBXBuildFile section */

/* Begin PBXContainerItemProxy section */
		5236A6A11A6999BF0007A232 /* PBXContainerItemProxy */ = {
			isa = PBXContainerItemProxy;
			containerPortal = 5236A67F1A6999BF0007A232 /* Project object */;
			proxyType = 1;
			remoteGlobalIDString = 5236A6861A6999BF0007A232;
			remoteInfo = Maps;
		};
/* End PBXContainerItemProxy section */

/* Begin PBXFileReference section */
		5236A6871A6999BF0007A232 /* Maps.app */ = {isa = PBXFileReference; explicitFileType = wrapper.application; includeInIndex = 0; path = Maps.app; sourceTree = BUILT_PRODUCTS_DIR; };
		5236A68B1A6999BF0007A232 /* Info.plist */ = {isa = PBXFileReference; lastKnownFileType = text.plist.xml; path = Info.plist; sourceTree = "<group>"; };
		5236A68C1A6999BF0007A232 /* main.m */ = {isa = PBXFileReference; lastKnownFileType = sourcecode.c.objc; path = main.m; sourceTree = "<group>"; };
		5236A68E1A6999BF0007A232 /* AppDelegate.h */ = {isa = PBXFileReference; lastKnownFileType = sourcecode.c.h; path = AppDelegate.h; sourceTree = "<group>"; };
		5236A68F1A6999BF0007A232 /* AppDelegate.m */ = {isa = PBXFileReference; lastKnownFileType = sourcecode.c.objc; path = AppDelegate.m; sourceTree = "<group>"; };
		5236A6911A6999BF0007A232 /* ViewController.h */ = {isa = PBXFileReference; lastKnownFileType = sourcecode.c.h; path = ViewController.h; sourceTree = "<group>"; };
		5236A6921A6999BF0007A232 /* ViewController.m */ = {isa = PBXFileReference; lastKnownFileType = sourcecode.c.objc; path = ViewController.m; sourceTree = "<group>"; };
		5236A6951A6999BF0007A232 /* Base */ = {isa = PBXFileReference; lastKnownFileType = file.storyboard; name = Base; path = Base.lproj/Main.storyboard; sourceTree = "<group>"; };
		5236A6971A6999BF0007A232 /* Images.xcassets */ = {isa = PBXFileReference; lastKnownFileType = folder.assetcatalog; path = Images.xcassets; sourceTree = "<group>"; };
		5236A69A1A6999BF0007A232 /* Base */ = {isa = PBXFileReference; lastKnownFileType = file.xib; name = Base; path = Base.lproj/LaunchScreen.xib; sourceTree = "<group>"; };
		5236A6A01A6999BF0007A232 /* MapsTests.xctest */ = {isa = PBXFileReference; explicitFileType = wrapper.cfbundle; includeInIndex = 0; path = MapsTests.xctest; sourceTree = BUILT_PRODUCTS_DIR; };
		5236A6A51A6999BF0007A232 /* Info.plist */ = {isa = PBXFileReference; lastKnownFileType = text.plist.xml; path = Info.plist; sourceTree = "<group>"; };
		5236A6A61A6999BF0007A232 /* MapsTests.m */ = {isa = PBXFileReference; lastKnownFileType = sourcecode.c.objc; path = MapsTests.m; sourceTree = "<group>"; };
/* End PBXFileReference section */

/* Begin PBXFrameworksBuildPhase section */
		5236A6841A6999BF0007A232 /* Frameworks */ = {
			isa = PBXFrameworksBuildPhase;
			buildActionMask = 2147483647;
			files = (
			);
			runOnlyForDeploymentPostprocessing = 0;
		};
		5236A69D1A6999BF0007A232 /* Frameworks */ = {
			isa = PBXFrameworksBuildPhase;
			buildActionMask = 2147483647;
			files = (
			);
			runOnlyForDeploymentPostprocessing = 0;
		};
/* End PBXFrameworksBuildPhase section */

/* Begin PBXGroup section */
		5236A67E1A6999BF0007A232 = {
			isa = PBXGroup;
			children = (
				5236A6891A6999BF0007A232 /* Maps */,
				5236A6A31A6999BF0007A232 /* MapsTests */,
				5236A6881A6999BF0007A232 /* Products */,
			);
			sourceTree = "<group>";
		};
		5236A6881A6999BF0007A232 /* Products */ = {
			isa = PBXGroup;
			children = (
				5236A6871A6999BF0007A232 /* Maps.app */,
				5236A6A01A6999BF0007A232 /* MapsTests.xctest */,
			);
			name = Products;
			sourceTree = "<group>";
		};
		5236A6891A6999BF0007A232 /* Maps */ = {
			isa = PBXGroup;
			children = (
				5236A68E1A6999BF0007A232 /* AppDelegate.h */,
				5236A68F1A6999BF0007A232 /* AppDelegate.m */,
				5236A6911A6999BF0007A232 /* ViewController.h */,
				5236A6921A6999BF0007A232 /* ViewController.m */,
				5236A6941A6999BF0007A232 /* Main.storyboard */,
				5236A6971A6999BF0007A232 /* Images.xcassets */,
				5236A6991A6999BF0007A232 /* LaunchScreen.xib */,
				5236A68A1A6999BF0007A232 /* Supporting Files */,
			);
			path = Maps;
			sourceTree = "<group>";
		};
		5236A68A1A6999BF0007A232 /* Supporting Files */ = {
			isa = PBXGroup;
			children = (
				5236A68B1A6999BF0007A232 /* Info.plist */,
				5236A68C1A6999BF0007A232 /* main.m */,
			);
			name = "Supporting Files";
			sourceTree = "<group>";
		};
		5236A6A31A6999BF0007A232 /* MapsTests */ = {
			isa = PBXGroup;
			children = (
				5236A6A61A6999BF0007A232 /* MapsTests.m */,
				5236A6A41A6999BF0007A232 /* Supporting Files */,
			);
			path = MapsTests;
			sourceTree = "<group>";
		};
		5236A6A41A6999BF0007A232 /* Supporting Files */ = {
			isa = PBXGroup;
			children = (
				5236A6A51A6999BF0007A232 /* Info.plist */,
			);
			name = "Supporting Files";
			sourceTree = "<group>";
		};
/* End PBXGroup section */

/* Begin PBXNativeTarget section */
		5236A6861A6999BF0007A232 /* Maps */ = {
			isa = PBXNativeTarget;
			buildConfigurationList = 5236A6AA1A6999BF0007A232 /* Build configuration list for PBXNativeTarget "Maps" */;
			buildPhases = (
				5236A6831A6999BF0007A232 /* Sources */,
				5236A6841A6999BF0007A232 /* Frameworks */,
				5236A6851A6999BF0007A232 /* Resources */,
			);
			buildRules = (
			);
			dependencies = (
			);
			name = Maps;
			productName = Maps;
			productReference = 5236A6871A6999BF0007A232 /* Maps.app */;
			productType = "com.apple.product-type.application";
		};
		5236A69F1A6999BF0007A232 /* MapsTests */ = {
			isa = PBXNativeTarget;
			buildConfigurationList = 5236A6AD1A6999BF0007A232 /* Build configuration list for PBXNativeTarget "MapsTests" */;
			buildPhases = (
				5236A69C1A6999BF0007A232 /* Sources */,
				5236A69D1A6999BF0007A232 /* Frameworks */,
				5236A69E1A6999BF0007A232 /* Resources */,
			);
			buildRules = (
			);
			dependencies = (
				5236A6A21A6999BF0007A232 /* PBXTargetDependency */,
			);
			name = MapsTests;
			productName = MapsTests;
			productReference = 5236A6A01A6999BF0007A232 /* MapsTests.xctest */;
			productType = "com.apple.product-type.bundle.unit-test";
		};
/* End PBXNativeTarget section */

/* Begin PBXProject section */
		5236A67F1A6999BF0007A232 /* Project object */ = {
			isa = PBXProject;
			attributes = {
				LastUpgradeCheck = 0610;
				ORGANIZATIONNAME = Babathurpe;
				TargetAttributes = {
					5236A6861A6999BF0007A232 = {
						CreatedOnToolsVersion = 6.1.1;
					};
					5236A69F1A6999BF0007A232 = {
						CreatedOnToolsVersion = 6.1.1;
						TestTargetID = 5236A6861A6999BF0007A232;
					};
				};
			};
			buildConfigurationList = 5236A6821A6999BF0007A232 /* Build configuration list for PBXProject "Maps" */;
			compatibilityVersion = "Xcode 3.2";
			developmentRegion = English;
			hasScannedForEncodings = 0;
			knownRegions = (
				en,
				Base,
			);
			mainGroup = 5236A67E1A6999BF0007A232;
			productRefGroup = 5236A6881A6999BF0007A232 /* Products */;
			projectDirPath = "";
			projectRoot = "";
			targets = (
				5236A6861A6999BF0007A232 /* Maps */,
				5236A69F1A6999BF0007A232 /* MapsTests */,
			);
		};
/* End PBXProject section */

/* Begin PBXResourcesBuildPhase section */
		5236A6851A6999BF0007A232 /* Resources */ = {
			isa = PBXResourcesBuildPhase;
			buildActionMask = 2147483647;
			files = (
				5236A6961A6999BF0007A232 /* Main.storyboard in Resources */,
				5236A69B1A6999BF0007A232 /* LaunchScreen.xib in Resources */,
				5236A6981A6999BF0007A232 /* Images.xcassets in Resources */,
			);
			runOnlyForDeploymentPostprocessing = 0;
		};
		5236A69E1A6999BF0007A232 /* Resources */ = {
			isa = PBXResourcesBuildPhase;
			buildActionMask = 2147483647;
			files = (
			);
			runOnlyForDeploymentPostprocessing = 0;
		};
/* End PBXResourcesBuildPhase section */

/* Begin PBXSourcesBuildPhase section */
		5236A6831A6999BF0007A232 /* Sources */ = {
			isa = PBXSourcesBuildPhase;
			buildActionMask = 2147483647;
			files = (
				5236A6931A6999BF0007A232 /* ViewController.m in Sources */,
				5236A6901A6999BF0007A232 /* AppDelegate.m in Sources */,
				5236A68D1A6999BF0007A232 /* main.m in Sources */,
			);
			runOnlyForDeploymentPostprocessing = 0;
		};
		5236A69C1A6999BF0007A232 /* Sources */ = {
			isa = PBXSourcesBuildPhase;
			buildActionMask = 2147483647;
			files = (
				5236A6A71A6999BF0007A232 /* MapsTests.m in Sources */,
			);
			runOnlyForDeploymentPostprocessing = 0;
		};
/* End PBXSourcesBuildPhase section */

/* Begin PBXTargetDependency section */
		5236A6A21A6999BF0007A232 /* PBXTargetDependency */ = {
			isa = PBXTargetDependency;
			target = 5236A6861A6999BF0007A232 /* Maps */;
			targetProxy = 5236A6A11A6999BF0007A232 /* PBXContainerItemProxy */;
		};
/* End PBXTargetDependency section */

/* Begin PBXVariantGroup section */
		5236A6941A6999BF0007A232 /* Main.storyboard */ = {
			isa = PBXVariantGroup;
			children = (
				5236A6951A6999BF0007A232 /* Base */,
			);
			name = Main.storyboard;
			sourceTree = "<group>";
		};
		5236A6991A6999BF0007A232 /* LaunchScreen.xib */ = {
			isa = PBXVariantGroup;
			children = (
				5236A69A1A6999BF0007A232 /* Base */,
			);
			name = LaunchScreen.xib;
			sourceTree = "<group>";
		};
/* End PBXVariantGroup section */

/* Begin XCBuildConfiguration section */
		5236A6A81A6999BF0007A232 /* Debug */ = {
			isa = XCBuildConfiguration;
			buildSettings = {
				ALWAYS_SEARCH_USER_PATHS = NO;
				CLANG_CXX_LANGUAGE_STANDARD = "gnu++0x";
				CLANG_CXX_LIBRARY = "libc++";
				CLANG_ENABLE_MODULES = YES;
				CLANG_ENABLE_OBJC_ARC = YES;
				CLANG_WARN_BOOL_CONVERSION = YES;
				CLANG_WARN_CONSTANT_CONVERSION = YES;
				CLANG_WARN_DIRECT_OBJC_ISA_USAGE = YES_ERROR;
				CLANG_WARN_EMPTY_BODY = YES;
				CLANG_WARN_ENUM_CONVERSION = YES;
				CLANG_WARN_INT_CONVERSION = YES;
				CLANG_WARN_OBJC_ROOT_CLASS = YES_ERROR;
				CLANG_WARN_UNREACHABLE_CODE = YES;
				CLANG_WARN__DUPLICATE_METHOD_MATCH = YES;
				"CODE_SIGN_IDENTITY[sdk=iphoneos*]" = "iPhone Developer";
				COPY_PHASE_STRIP = NO;
				ENABLE_STRICT_OBJC_MSGSEND = YES;
				GCC_C_LANGUAGE_STANDARD = gnu99;
				GCC_DYNAMIC_NO_PIC = NO;
				GCC_OPTIMIZATION_LEVEL = 0;
				GCC_PREPROCESSOR_DEFINITIONS = (
					"DEBUG=1",
					"$(inherited)",
				);
				GCC_SYMBOLS_PRIVATE_EXTERN = NO;
				GCC_WARN_64_TO_32_BIT_CONVERSION = YES;
				GCC_WARN_ABOUT_RETURN_TYPE = YES_ERROR;
				GCC_WARN_UNDECLARED_SELECTOR = YES;
				GCC_WARN_UNINITIALIZED_AUTOS = YES_AGGRESSIVE;
				GCC_WARN_UNUSED_FUNCTION = YES;
				GCC_WARN_UNUSED_VARIABLE = YES;
				IPHONEOS_DEPLOYMENT_TARGET = 8.1;
				MTL_ENABLE_DEBUG_INFO = YES;
				ONLY_ACTIVE_ARCH = YES;
				SDKROOT = iphoneos;
			};
			name = Debug;
		};
		5236A6A91A6999BF0007A232 /* Release */ = {
			isa = XCBuildConfiguration;
			buildSettings = {
				ALWAYS_SEARCH_USER_PATHS = NO;
				CLANG_CXX_LANGUAGE_STANDARD = "gnu++0x";
				CLANG_CXX_LIBRARY = "libc++";
				CLANG_ENABLE_MODULES = YES;
				CLANG_ENABLE_OBJC_ARC = YES;
				CLANG_WARN_BOOL_CONVERSION = YES;
				CLANG_WARN_CONSTANT_CONVERSION = YES;
				CLANG_WARN_DIRECT_OBJC_ISA_USAGE = YES_ERROR;
				CLANG_WARN_EMPTY_BODY = YES;
				CLANG_WARN_ENUM_CONVERSION = YES;
				CLANG_WARN_INT_CONVERSION = YES;
				CLANG_WARN_OBJC_ROOT_CLASS = YES_ERROR;
				CLANG_WARN_UNREACHABLE_CODE = YES;
				CLANG_WARN__DUPLICATE_METHOD_MATCH = YES;
				"CODE_SIGN_IDENTITY[sdk=iphoneos*]" = "iPhone Developer";
				COPY_PHASE_STRIP = YES;
				ENABLE_NS_ASSERTIONS = NO;
				ENABLE_STRICT_OBJC_MSGSEND = YES;
				GCC_C_LANGUAGE_STANDARD = gnu99;
				GCC_WARN_64_TO_32_BIT_CONVERSION = YES;
				GCC_WARN_ABOUT_RETURN_TYPE = YES_ERROR;
				GCC_WARN_UNDECLARED_SELECTOR = YES;
				GCC_WARN_UNINITIALIZED_AUTOS = YES_AGGRESSIVE;
				GCC_WARN_UNUSED_FUNCTION = YES;
				GCC_WARN_UNUSED_VARIABLE = YES;
				IPHONEOS_DEPLOYMENT_TARGET = 8.1;
				MTL_ENABLE_DEBUG_INFO = NO;
				SDKROOT = iphoneos;
				VALIDATE_PRODUCT = YES;
			};
			name = Release;
		};
		5236A6AB1A6999BF0007A232 /* Debug */ = {
			isa = XCBuildConfiguration;
			buildSettings = {
				ASSETCATALOG_COMPILER_APPICON_NAME = AppIcon;
				INFOPLIST_FILE = Maps/Info.plist;
				LD_RUNPATH_SEARCH_PATHS = "$(inherited) @executable_path/Frameworks";
				PRODUCT_NAME = "$(TARGET_NAME)";
			};
			name = Debug;
		};
		5236A6AC1A6999BF0007A232 /* Release */ = {
			isa = XCBuildConfiguration;
			buildSettings = {
				ASSETCATALOG_COMPILER_APPICON_NAME = AppIcon;
				INFOPLIST_FILE = Maps/Info.plist;
				LD_RUNPATH_SEARCH_PATHS = "$(inherited) @executable_path/Frameworks";
				PRODUCT_NAME = "$(TARGET_NAME)";
			};
			name = Release;
		};
		5236A6AE1A6999BF0007A232 /* Debug */ = {
			isa = XCBuildConfiguration;
			buildSettings = {
				BUNDLE_LOADER = "$(TEST_HOST)";
				FRAMEWORK_SEARCH_PATHS = (
					"$(SDKROOT)/Developer/Library/Frameworks",
					"$(inherited)",
				);
				GCC_PREPROCESSOR_DEFINITIONS = (
					"DEBUG=1",
					"$(inherited)",
				);
				INFOPLIST_FILE = MapsTests/Info.plist;
				LD_RUNPATH_SEARCH_PATHS = "$(inherited) @executable_path/Frameworks @loader_path/Frameworks";
				PRODUCT_NAME = "$(TARGET_NAME)";
				TEST_HOST = "$(BUILT_PRODUCTS_DIR)/Maps.app/Maps";
			};
			name = Debug;
		};
		5236A6AF1A6999BF0007A232 /* Release */ = {
			isa = XCBuildConfiguration;
			buildSettings = {
				BUNDLE_LOADER = "$(TEST_HOST)";
				FRAMEWORK_SEARCH_PATHS = (
					"$(SDKROOT)/Developer/Library/Frameworks",
					"$(inherited)",
				);
				INFOPLIST_FILE = MapsTests/Info.plist;
				LD_RUNPATH_SEARCH_PATHS = "$(inherited) @executable_path/Frameworks @loader_path/Frameworks";
				PRODUCT_NAME = "$(TARGET_NAME)";
				TEST_HOST = "$(BUILT_PRODUCTS_DIR)/Maps.app/Maps";
			};
			name = Release;
		};
/* End XCBuildConfiguration section */

/* Begin XCConfigurationList section */
		5236A6821A6999BF0007A232 /* Build configuration list for PBXProject "Maps" */ = {
			isa = XCConfigurationList;
			buildConfigurations = (
				5236A6A81A6999BF0007A232 /* Debug */,
				5236A6A91A6999BF0007A232 /* Release */,
			);
			defaultConfigurationIsVisible = 0;
			defaultConfigurationName = Release;
		};
		5236A6AA1A6999BF0007A232 /* Build configuration list for PBXNativeTarget "Maps" */ = {
			isa = XCConfigurationList;
			buildConfigurations = (
				5236A6AB1A6999BF0007A232 /* Debug */,
				5236A6AC1A6999BF0007A232 /* Release */,
			);
			defaultConfigurationIsVisible = 0;
		};
		5236A6AD1A6999BF0007A232 /* Build configuration list for PBXNativeTarget "MapsTests" */ = {
			isa = XCConfigurationList;
			buildConfigurations = (
				5236A6AE1A6999BF0007A232 /* Debug */,
				5236A6AF1A6999BF0007A232 /* Release */,
			);
			defaultConfigurationIsVisible = 0;
		};
/* End XCConfigurationList section */
	};
	rootObject = 5236A67F1A6999BF0007A232 /* Project object */;
}
